
Microsoft Visual Studio Solution File, Format Version 12.00
# Visual Studio Version 16
VisualStudioVersion = 16.0.31702.278
MinimumVisualStudioVersion = 10.0.40219.1
Project("{FAE04EC0-301F-11D3-BF4B-00C04F79EFBC}") = "Pr_MediaPlayer", "Pr_MediaPlayer.csproj", "{9068E973-B604-4454-803A-E2F6D827DA73}"
EndProject
Global
	GlobalSection(SolutionConfigurationPlatforms) = preSolution
		Debug|Any CPU = Debug|Any CPU
		Release|Any CPU = Release|Any CPU
	EndGlobalSection
	GlobalSection(ProjectConfigurationPlatforms) = postSolution
		{9068E973-B604-4454-803A-E2F6D827DA73}.Debug|Any CPU.ActiveCfg = Debug|Any CPU
		{9068E973-B604-4454-803A-E2F6D827DA73}.Debug|Any CPU.Build.0 = Debug|Any CPU
		{9068E973-B604-4454-803A-E2F6D827DA73}.Release|Any CPU.ActiveCfg = Release|Any CPU
		{9068E973-B604-4454-803A-E2F6D827DA73}.Release|Any CPU.Build.0 = Release|Any CPU
	EndGlobalSection
	GlobalSection(SolutionProperties) = preSolution
		HideSolutionNode = FALSE
	EndGlobalSection
	GlobalSection(ExtensibilityGlobals) = postSolution
		SolutionGuid = {DF9D222C-9986-4718-90A3-73EEF2FBE28B}
	EndGlobalSection
EndGlobal
