
Microsoft Visual Studio Solution File, Format Version 12.00
# Visual Studio Version 16
VisualStudioVersion = 16.0.31702.278
MinimumVisualStudioVersion = 10.0.40219.1
Project("{FAE04EC0-301F-11D3-BF4B-00C04F79EFBC}") = "Reloj", "Reloj.csproj", "{C47B5687-6EA2-4191-A5D4-F5B0749FA456}"
EndProject
Global
	GlobalSection(SolutionConfigurationPlatforms) = preSolution
		Debug|Any CPU = Debug|Any CPU
		Release|Any CPU = Release|Any CPU
	EndGlobalSection
	GlobalSection(ProjectConfigurationPlatforms) = postSolution
		{C47B5687-6EA2-4191-A5D4-F5B0749FA456}.Debug|Any CPU.ActiveCfg = Debug|Any CPU
		{C47B5687-6EA2-4191-A5D4-F5B0749FA456}.Debug|Any CPU.Build.0 = Debug|Any CPU
		{C47B5687-6EA2-4191-A5D4-F5B0749FA456}.Release|Any CPU.ActiveCfg = Release|Any CPU
		{C47B5687-6EA2-4191-A5D4-F5B0749FA456}.Release|Any CPU.Build.0 = Release|Any CPU
	EndGlobalSection
	GlobalSection(SolutionProperties) = preSolution
		HideSolutionNode = FALSE
	EndGlobalSection
	GlobalSection(ExtensibilityGlobals) = postSolution
		SolutionGuid = {80724E37-8859-4FF5-AA99-3D2F10812994}
	EndGlobalSection
EndGlobal
