
Microsoft Visual Studio Solution File, Format Version 12.00
# Visual Studio 15
VisualStudioVersion = 15.0.28307.852
MinimumVisualStudioVersion = 10.0.40219.1
Project("{FAE04EC0-301F-11D3-BF4B-00C04F79EFBC}") = "PeliculasYActores", "PeliculasYActores\PeliculasYActores.csproj", "{F554951C-13C2-4324-81AD-9C918EBD04C7}"
EndProject
Global
	GlobalSection(SolutionConfigurationPlatforms) = preSolution
		Debug|Any CPU = Debug|Any CPU
		Release|Any CPU = Release|Any CPU
	EndGlobalSection
	GlobalSection(ProjectConfigurationPlatforms) = postSolution
		{F554951C-13C2-4324-81AD-9C918EBD04C7}.Debug|Any CPU.ActiveCfg = Debug|Any CPU
		{F554951C-13C2-4324-81AD-9C918EBD04C7}.Debug|Any CPU.Build.0 = Debug|Any CPU
		{F554951C-13C2-4324-81AD-9C918EBD04C7}.Release|Any CPU.ActiveCfg = Release|Any CPU
		{F554951C-13C2-4324-81AD-9C918EBD04C7}.Release|Any CPU.Build.0 = Release|Any CPU
	EndGlobalSection
	GlobalSection(SolutionProperties) = preSolution
		HideSolutionNode = FALSE
	EndGlobalSection
	GlobalSection(ExtensibilityGlobals) = postSolution
		SolutionGuid = {4EDB0D37-2BAA-43BA-A28F-2B6EF76E419D}
	EndGlobalSection
EndGlobal
