
Microsoft Visual Studio Solution File, Format Version 12.00
# Visual Studio Version 16
VisualStudioVersion = 16.0.31702.278
MinimumVisualStudioVersion = 10.0.40219.1
Project("{FAE04EC0-301F-11D3-BF4B-00C04F79EFBC}") = "celdasAdyacentes", "celdasAdyacentes.csproj", "{1070FD71-8DE5-4D01-9BEC-71CD5C1F9B68}"
EndProject
Global
	GlobalSection(SolutionConfigurationPlatforms) = preSolution
		Debug|Any CPU = Debug|Any CPU
		Release|Any CPU = Release|Any CPU
	EndGlobalSection
	GlobalSection(ProjectConfigurationPlatforms) = postSolution
		{1070FD71-8DE5-4D01-9BEC-71CD5C1F9B68}.Debug|Any CPU.ActiveCfg = Debug|Any CPU
		{1070FD71-8DE5-4D01-9BEC-71CD5C1F9B68}.Debug|Any CPU.Build.0 = Debug|Any CPU
		{1070FD71-8DE5-4D01-9BEC-71CD5C1F9B68}.Release|Any CPU.ActiveCfg = Release|Any CPU
		{1070FD71-8DE5-4D01-9BEC-71CD5C1F9B68}.Release|Any CPU.Build.0 = Release|Any CPU
	EndGlobalSection
	GlobalSection(SolutionProperties) = preSolution
		HideSolutionNode = FALSE
	EndGlobalSection
	GlobalSection(ExtensibilityGlobals) = postSolution
		SolutionGuid = {18BBA200-8A52-431D-866D-48DBADFBB660}
	EndGlobalSection
EndGlobal
